// !$*UTF8*$!
{
	archiveVersion = 1;
	classes = {
	};
	objectVersion = 46;
	objects = {

/* Begin PBXBuildFile section */
		B55FA5C81ED3B0820084FCBD /* AppDelegate.swift in Sources */ = {isa = PBXBuildFile; fileRef = B55FA5C71ED3B0820084FCBD /* AppDelegate.swift */; };
		B55FA5CA1ED3B0820084FCBD /* ViewController.swift in Sources */ = {isa = PBXBuildFile; fileRef = B55FA5C91ED3B0820084FCBD /* ViewController.swift */; };
		B55FA5CD1ED3B0820084FCBD /* Main.storyboard in Resources */ = {isa = PBXBuildFile; fileRef = B55FA5CB1ED3B0820084FCBD /* Main.storyboard */; };
		B55FA5CF1ED3B0820084FCBD /* Assets.xcassets in Resources */ = {isa = PBXBuildFile; fileRef = B55FA5CE1ED3B0820084FCBD /* Assets.xcassets */; };
		B55FA5D21ED3B0820084FCBD /* LaunchScreen.storyboard in Resources */ = {isa = PBXBuildFile; fileRef = B55FA5D01ED3B0820084FCBD /* LaunchScreen.storyboard */; };
		B55FA5DB1ED4B83B0084FCBD /* Piece.swift in Sources */ = {isa = PBXBuildFile; fileRef = B55FA5DA1ED4B83B0084FCBD /* Piece.swift */; };
		B5665D521ED5071E0059C6D1 /* RuleManager.swift in Sources */ = {isa = PBXBuildFile; fileRef = B5665D511ED5071E0059C6D1 /* RuleManager.swift */; };
		B5665D561ED6A9BB0059C6D1 /* Piece+Actions.swift in Sources */ = {isa = PBXBuildFile; fileRef = B5665D551ED6A9BB0059C6D1 /* Piece+Actions.swift */; };
/* End PBXBuildFile section */

/* Begin PBXFileReference section */
		B55FA5C41ED3B0820084FCBD /* CheckersDemo.app */ = {isa = PBXFileReference; explicitFileType = wrapper.application; includeInIndex = 0; path = CheckersDemo.app; sourceTree = BUILT_PRODUCTS_DIR; };
		B55FA5C71ED3B0820084FCBD /* AppDelegate.swift */ = {isa = PBXFileReference; lastKnownFileType = sourcecode.swift; path = AppDelegate.swift; sourceTree = "<group>"; };
		B55FA5C91ED3B0820084FCBD /* ViewController.swift */ = {isa = PBXFileReference; lastKnownFileType = sourcecode.swift; path = ViewController.swift; sourceTree = "<group>"; };
		B55FA5CC1ED3B0820084FCBD /* Base */ = {isa = PBXFileReference; lastKnownFileType = file.storyboard; name = Base; path = Base.lproj/Main.storyboard; sourceTree = "<group>"; };
		B55FA5CE1ED3B0820084FCBD /* Assets.xcassets */ = {isa = PBXFileReference; lastKnownFileType = folder.assetcatalog; path = Assets.xcassets; sourceTree = "<group>"; };
		B55FA5D11ED3B0820084FCBD /* Base */ = {isa = PBXFileReference; lastKnownFileType = file.storyboard; name = Base; path = Base.lproj/LaunchScreen.storyboard; sourceTree = "<group>"; };
		B55FA5D31ED3B0820084FCBD /* Info.plist */ = {isa = PBXFileReference; lastKnownFileType = text.plist.xml; path = Info.plist; sourceTree = "<group>"; };
		B55FA5DA1ED4B83B0084FCBD /* Piece.swift */ = {isa = PBXFileReference; fileEncoding = 4; lastKnownFileType = sourcecode.swift; path = Piece.swift; sourceTree = "<group>"; };
		B5665D511ED5071E0059C6D1 /* RuleManager.swift */ = {isa = PBXFileReference; fileEncoding = 4; lastKnownFileType = sourcecode.swift; path = RuleManager.swift; sourceTree = "<group>"; };
		B5665D551ED6A9BB0059C6D1 /* Piece+Actions.swift */ = {isa = PBXFileReference; fileEncoding = 4; lastKnownFileType = sourcecode.swift; path = "Piece+Actions.swift"; sourceTree = "<group>"; };
/* End PBXFileReference section */

/* Begin PBXFrameworksBuildPhase section */
		B55FA5C11ED3B0820084FCBD /* Frameworks */ = {
			isa = PBXFrameworksBuildPhase;
			buildActionMask = 2147483647;
			files = (
			);
			runOnlyForDeploymentPostprocessing = 0;
		};
/* End PBXFrameworksBuildPhase section */

/* Begin PBXGroup section */
		B55FA5BB1ED3B0820084FCBD = {
			isa = PBXGroup;
			children = (
				B55FA5C61ED3B0820084FCBD /* CheckersDemo */,
				B55FA5C51ED3B0820084FCBD /* Products */,
			);
			sourceTree = "<group>";
		};
		B55FA5C51ED3B0820084FCBD /* Products */ = {
			isa = PBXGroup;
			children = (
				B55FA5C41ED3B0820084FCBD /* CheckersDemo.app */,
			);
			name = Products;
			sourceTree = "<group>";
		};
		B55FA5C61ED3B0820084FCBD /* CheckersDemo */ = {
			isa = PBXGroup;
			children = (
				B55FA5D91ED4B8220084FCBD /* Models */,
				B5665D501ED507090059C6D1 /* Managers */,
				B55FA5C71ED3B0820084FCBD /* AppDelegate.swift */,
				B55FA5C91ED3B0820084FCBD /* ViewController.swift */,
				B55FA5CB1ED3B0820084FCBD /* Main.storyboard */,
				B55FA5CE1ED3B0820084FCBD /* Assets.xcassets */,
				B55FA5D01ED3B0820084FCBD /* LaunchScreen.storyboard */,
				B55FA5D31ED3B0820084FCBD /* Info.plist */,
			);
			path = CheckersDemo;
			sourceTree = "<group>";
		};
		B55FA5D91ED4B8220084FCBD /* Models */ = {
			isa = PBXGroup;
			children = (
				B55FA5DA1ED4B83B0084FCBD /* Piece.swift */,
			);
			name = Models;
			sourceTree = "<group>";
		};
		B5665D501ED507090059C6D1 /* Managers */ = {
			isa = PBXGroup;
			children = (
				B5665D511ED5071E0059C6D1 /* RuleManager.swift */,
				B5665D551ED6A9BB0059C6D1 /* Piece+Actions.swift */,
			);
			name = Managers;
			sourceTree = "<group>";
		};
/* End PBXGroup section */

/* Begin PBXNativeTarget section */
		B55FA5C31ED3B0820084FCBD /* CheckersDemo */ = {
			isa = PBXNativeTarget;
			buildConfigurationList = B55FA5D61ED3B0820084FCBD /* Build configuration list for PBXNativeTarget "CheckersDemo" */;
			buildPhases = (
				B55FA5C01ED3B0820084FCBD /* Sources */,
				B55FA5C11ED3B0820084FCBD /* Frameworks */,
				B55FA5C21ED3B0820084FCBD /* Resources */,
			);
			buildRules = (
			);
			dependencies = (
			);
			name = CheckersDemo;
			productName = CheckersDemo;
			productReference = B55FA5C41ED3B0820084FCBD /* CheckersDemo.app */;
			productType = "com.apple.product-type.application";
		};
/* End PBXNativeTarget section */

/* Begin PBXProject section */
		B55FA5BC1ED3B0820084FCBD /* Project object */ = {
			isa = PBXProject;
			attributes = {
				LastSwiftUpdateCheck = 0830;
				LastUpgradeCheck = 0830;
				ORGANIZATIONNAME = nearsoft;
				TargetAttributes = {
					B55FA5C31ED3B0820084FCBD = {
						CreatedOnToolsVersion = 8.3.2;
						DevelopmentTeam = LHJA6J73E9;
						ProvisioningStyle = Automatic;
					};
				};
			};
			buildConfigurationList = B55FA5BF1ED3B0820084FCBD /* Build configuration list for PBXProject "CheckersDemo" */;
			compatibilityVersion = "Xcode 3.2";
			developmentRegion = English;
			hasScannedForEncodings = 0;
			knownRegions = (
				en,
				Base,
			);
			mainGroup = B55FA5BB1ED3B0820084FCBD;
			productRefGroup = B55FA5C51ED3B0820084FCBD /* Products */;
			projectDirPath = "";
			projectRoot = "";
			targets = (
				B55FA5C31ED3B0820084FCBD /* CheckersDemo */,
			);
		};
/* End PBXProject section */

/* Begin PBXResourcesBuildPhase section */
		B55FA5C21ED3B0820084FCBD /* Resources */ = {
			isa = PBXResourcesBuildPhase;
			buildActionMask = 2147483647;
			files = (
				B55FA5D21ED3B0820084FCBD /* LaunchScreen.storyboard in Resources */,
				B55FA5CF1ED3B0820084FCBD /* Assets.xcassets in Resources */,
				B55FA5CD1ED3B0820084FCBD /* Main.storyboard in Resources */,
			);
			runOnlyForDeploymentPostprocessing = 0;
		};
/* End PBXResourcesBuildPhase section */

/* Begin PBXSourcesBuildPhase section */
		B55FA5C01ED3B0820084FCBD /* Sources */ = {
			isa = PBXSourcesBuildPhase;
			buildActionMask = 2147483647;
			files = (
				B5665D561ED6A9BB0059C6D1 /* Piece+Actions.swift in Sources */,
				B55FA5CA1ED3B0820084FCBD /* ViewController.swift in Sources */,
				B55FA5C81ED3B0820084FCBD /* AppDelegate.swift in Sources */,
				B55FA5DB1ED4B83B0084FCBD /* Piece.swift in Sources */,
				B5665D521ED5071E0059C6D1 /* RuleManager.swift in Sources */,
			);
			runOnlyForDeploymentPostprocessing = 0;
		};
/* End PBXSourcesBuildPhase section */

/* Begin PBXVariantGroup section */
		B55FA5CB1ED3B0820084FCBD /* Main.storyboard */ = {
			isa = PBXVariantGroup;
			children = (
				B55FA5CC1ED3B0820084FCBD /* Base */,
			);
			name = Main.storyboard;
			sourceTree = "<group>";
		};
		B55FA5D01ED3B0820084FCBD /* LaunchScreen.storyboard */ = {
			isa = PBXVariantGroup;
			children = (
				B55FA5D11ED3B0820084FCBD /* Base */,
			);
			name = LaunchScreen.storyboard;
			sourceTree = "<group>";
		};
/* End PBXVariantGroup section */

/* Begin XCBuildConfiguration section */
		B55FA5D41ED3B0820084FCBD /* Debug */ = {
			isa = XCBuildConfiguration;
			buildSettings = {
				ALWAYS_SEARCH_USER_PATHS = NO;
				CLANG_ANALYZER_NONNULL = YES;
				CLANG_ANALYZER_NUMBER_OBJECT_CONVERSION = YES_AGGRESSIVE;
				CLANG_CXX_LANGUAGE_STANDARD = "gnu++0x";
				CLANG_CXX_LIBRARY = "libc++";
				CLANG_ENABLE_MODULES = YES;
				CLANG_ENABLE_OBJC_ARC = YES;
				CLANG_WARN_BOOL_CONVERSION = YES;
				CLANG_WARN_CONSTANT_CONVERSION = YES;
				CLANG_WARN_DIRECT_OBJC_ISA_USAGE = YES_ERROR;
				CLANG_WARN_DOCUMENTATION_COMMENTS = YES;
				CLANG_WARN_EMPTY_BODY = YES;
				CLANG_WARN_ENUM_CONVERSION = YES;
				CLANG_WARN_INFINITE_RECURSION = YES;
				CLANG_WARN_INT_CONVERSION = YES;
				CLANG_WARN_OBJC_ROOT_CLASS = YES_ERROR;
				CLANG_WARN_SUSPICIOUS_MOVE = YES;
				CLANG_WARN_UNREACHABLE_CODE = YES;
				CLANG_WARN__DUPLICATE_METHOD_MATCH = YES;
				"CODE_SIGN_IDENTITY[sdk=iphoneos*]" = "iPhone Developer";
				COPY_PHASE_STRIP = NO;
				DEBUG_INFORMATION_FORMAT = dwarf;
				ENABLE_STRICT_OBJC_MSGSEND = YES;
				ENABLE_TESTABILITY = YES;
				GCC_C_LANGUAGE_STANDARD = gnu99;
				GCC_DYNAMIC_NO_PIC = NO;
				GCC_NO_COMMON_BLOCKS = YES;
				GCC_OPTIMIZATION_LEVEL = 0;
				GCC_PREPROCESSOR_DEFINITIONS = (
					"DEBUG=1",
					"$(inherited)",
				);
				GCC_WARN_64_TO_32_BIT_CONVERSION = YES;
				GCC_WARN_ABOUT_RETURN_TYPE = YES_ERROR;
				GCC_WARN_UNDECLARED_SELECTOR = YES;
				GCC_WARN_UNINITIALIZED_AUTOS = YES_AGGRESSIVE;
				GCC_WARN_UNUSED_FUNCTION = YES;
				GCC_WARN_UNUSED_VARIABLE = YES;
				IPHONEOS_DEPLOYMENT_TARGET = 10.3;
				MTL_ENABLE_DEBUG_INFO = YES;
				ONLY_ACTIVE_ARCH = YES;
				SDKROOT = iphoneos;
				SWIFT_ACTIVE_COMPILATION_CONDITIONS = DEBUG;
				SWIFT_OPTIMIZATION_LEVEL = "-Onone";
				TARGETED_DEVICE_FAMILY = "1,2";
			};
			name = Debug;
		};
		B55FA5D51ED3B0820084FCBD /* Release */ = {
			isa = XCBuildConfiguration;
			buildSettings = {
				ALWAYS_SEARCH_USER_PATHS = NO;
				CLANG_ANALYZER_NONNULL = YES;
				CLANG_ANALYZER_NUMBER_OBJECT_CONVERSION = YES_AGGRESSIVE;
				CLANG_CXX_LANGUAGE_STANDARD = "gnu++0x";
				CLANG_CXX_LIBRARY = "libc++";
				CLANG_ENABLE_MODULES = YES;
				CLANG_ENABLE_OBJC_ARC = YES;
				CLANG_WARN_BOOL_CONVERSION = YES;
				CLANG_WARN_CONSTANT_CONVERSION = YES;
				CLANG_WARN_DIRECT_OBJC_ISA_USAGE = YES_ERROR;
				CLANG_WARN_DOCUMENTATION_COMMENTS = YES;
				CLANG_WARN_EMPTY_BODY = YES;
				CLANG_WARN_ENUM_CONVERSION = YES;
				CLANG_WARN_INFINITE_RECURSION = YES;
				CLANG_WARN_INT_CONVERSION = YES;
				CLANG_WARN_OBJC_ROOT_CLASS = YES_ERROR;
				CLANG_WARN_SUSPICIOUS_MOVE = YES;
				CLANG_WARN_UNREACHABLE_CODE = YES;
				CLANG_WARN__DUPLICATE_METHOD_MATCH = YES;
				"CODE_SIGN_IDENTITY[sdk=iphoneos*]" = "iPhone Developer";
				COPY_PHASE_STRIP = NO;
				DEBUG_INFORMATION_FORMAT = "dwarf-with-dsym";
				ENABLE_NS_ASSERTIONS = NO;
				ENABLE_STRICT_OBJC_MSGSEND = YES;
				GCC_C_LANGUAGE_STANDARD = gnu99;
				GCC_NO_COMMON_BLOCKS = YES;
				GCC_WARN_64_TO_32_BIT_CONVERSION = YES;
				GCC_WARN_ABOUT_RETURN_TYPE = YES_ERROR;
				GCC_WARN_UNDECLARED_SELECTOR = YES;
				GCC_WARN_UNINITIALIZED_AUTOS = YES_AGGRESSIVE;
				GCC_WARN_UNUSED_FUNCTION = YES;
				GCC_WARN_UNUSED_VARIABLE = YES;
				IPHONEOS_DEPLOYMENT_TARGET = 10.3;
				MTL_ENABLE_DEBUG_INFO = NO;
				SDKROOT = iphoneos;
				SWIFT_OPTIMIZATION_LEVEL = "-Owholemodule";
				TARGETED_DEVICE_FAMILY = "1,2";
				VALIDATE_PRODUCT = YES;
			};
			name = Release;
		};
		B55FA5D71ED3B0820084FCBD /* Debug */ = {
			isa = XCBuildConfiguration;
			buildSettings = {
				ASSETCATALOG_COMPILER_APPICON_NAME = AppIcon;
				DEVELOPMENT_TEAM = LHJA6J73E9;
				INFOPLIST_FILE = CheckersDemo/Info.plist;
				LD_RUNPATH_SEARCH_PATHS = "$(inherited) @executable_path/Frameworks";
				PRODUCT_BUNDLE_IDENTIFIER = com.nearsoft.CheckersDemo;
				PRODUCT_NAME = "$(TARGET_NAME)";
				SWIFT_VERSION = 3.0;
				TARGETED_DEVICE_FAMILY = 2;
			};
			name = Debug;
		};
		B55FA5D81ED3B0820084FCBD /* Release */ = {
			isa = XCBuildConfiguration;
			buildSettings = {
				ASSETCATALOG_COMPILER_APPICON_NAME = AppIcon;
				DEVELOPMENT_TEAM = LHJA6J73E9;
				INFOPLIST_FILE = CheckersDemo/Info.plist;
				LD_RUNPATH_SEARCH_PATHS = "$(inherited) @executable_path/Frameworks";
				PRODUCT_BUNDLE_IDENTIFIER = com.nearsoft.CheckersDemo;
				PRODUCT_NAME = "$(TARGET_NAME)";
				SWIFT_VERSION = 3.0;
				TARGETED_DEVICE_FAMILY = 2;
			};
			name = Release;
		};
/* End XCBuildConfiguration section */

/* Begin XCConfigurationList section */
		B55FA5BF1ED3B0820084FCBD /* Build configuration list for PBXProject "CheckersDemo" */ = {
			isa = XCConfigurationList;
			buildConfigurations = (
				B55FA5D41ED3B0820084FCBD /* Debug */,
				B55FA5D51ED3B0820084FCBD /* Release */,
			);
			defaultConfigurationIsVisible = 0;
			defaultConfigurationName = Release;
		};
		B55FA5D61ED3B0820084FCBD /* Build configuration list for PBXNativeTarget "CheckersDemo" */ = {
			isa = XCConfigurationList;
			buildConfigurations = (
				B55FA5D71ED3B0820084FCBD /* Debug */,
				B55FA5D81ED3B0820084FCBD /* Release */,
			);
			defaultConfigurationIsVisible = 0;
			defaultConfigurationName = Release;
		};
/* End XCConfigurationList section */
	};
	rootObject = B55FA5BC1ED3B0820084FCBD /* Project object */;
}
